
Microsoft Visual Studio Solution File, Format Version 12.00
# Visual Studio Version 16
VisualStudioVersion = 16.0.29806.167
MinimumVisualStudioVersion = 10.0.40219.1
Project("{FAE04EC0-301F-11D3-BF4B-00C04F79EFBC}") = "TrelloApi", "TrelloApi\TrelloApi.csproj", "{6BCF5488-FABF-4F91-934B-4F2C5CE097B9}"
EndProject
Global
	GlobalSection(SolutionConfigurationPlatforms) = preSolution
		Debug|Any CPU = Debug|Any CPU
		Release|Any CPU = Release|Any CPU
	EndGlobalSection
	GlobalSection(ProjectConfigurationPlatforms) = postSolution
		{6BCF5488-FABF-4F91-934B-4F2C5CE097B9}.Debug|Any CPU.ActiveCfg = Debug|Any CPU
		{6BCF5488-FABF-4F91-934B-4F2C5CE097B9}.Debug|Any CPU.Build.0 = Debug|Any CPU
		{6BCF5488-FABF-4F91-934B-4F2C5CE097B9}.Release|Any CPU.ActiveCfg = Release|Any CPU
		{6BCF5488-FABF-4F91-934B-4F2C5CE097B9}.Release|Any CPU.Build.0 = Release|Any CPU
	EndGlobalSection
	GlobalSection(SolutionProperties) = preSolution
		HideSolutionNode = FALSE
	EndGlobalSection
	GlobalSection(ExtensibilityGlobals) = postSolution
		SolutionGuid = {CA5EE175-FD7B-4556-ABD2-4DD63D4A0701}
	EndGlobalSection
EndGlobal
